
Microsoft Visual Studio Solution File, Format Version 12.00
# Visual Studio Version 17
VisualStudioVersion = 17.2.32630.192
MinimumVisualStudioVersion = 10.0.40219.1
Project("{FAE04EC0-301F-11D3-BF4B-00C04F79EFBC}") = "LoginTokenTask", "LoginTokenTask.csproj", "{15DDCA6E-DCBA-47AF-9491-4E564D209DCE}"
EndProject
Global
	GlobalSection(SolutionConfigurationPlatforms) = preSolution
		Debug|Any CPU = Debug|Any CPU
		Release|Any CPU = Release|Any CPU
	EndGlobalSection
	GlobalSection(ProjectConfigurationPlatforms) = postSolution
		{15DDCA6E-DCBA-47AF-9491-4E564D209DCE}.Debug|Any CPU.ActiveCfg = Debug|Any CPU
		{15DDCA6E-DCBA-47AF-9491-4E564D209DCE}.Debug|Any CPU.Build.0 = Debug|Any CPU
		{15DDCA6E-DCBA-47AF-9491-4E564D209DCE}.Release|Any CPU.ActiveCfg = Release|Any CPU
		{15DDCA6E-DCBA-47AF-9491-4E564D209DCE}.Release|Any CPU.Build.0 = Release|Any CPU
	EndGlobalSection
	GlobalSection(SolutionProperties) = preSolution
		HideSolutionNode = FALSE
	EndGlobalSection
	GlobalSection(ExtensibilityGlobals) = postSolution
		SolutionGuid = {BC43855D-1B05-4476-80FA-156C82E9526B}
	EndGlobalSection
EndGlobal
